{
  "name": "afh1-app",
  "version": "0.0.1",
  "lockfileVersion": 1,
  "requires": true,
  "dependencies": {
    "clone-regexp": {
      "version": "1.0.0",
      "resolved": "https://registry.npmjs.org/clone-regexp/-/clone-regexp-1.0.0.tgz",
      "integrity": "sha1-6uCiQT9VwJQvgYwin+/OhF1/Oxw=",
      "dev": true,
      "requires": {
        "is-regexp": "1.0.0",
        "is-supported-regexp-flag": "1.0.0"
      }
    },
    "eslint-plugin-script-tags": {
      "version": "0.4.0",
      "resolved": "https://registry.npmjs.org/eslint-plugin-script-tags/-/eslint-plugin-script-tags-0.4.0.tgz",
      "integrity": "sha512-mmxeRE1TlxGD7l67kPZfNHn6qoSyc0R3kF5RixiN0F5swoGauegiqd9vNPez7xdgxhtoCLDtQY+ip+4yIy0AQw==",
      "dev": true,
      "requires": {
        "execall": "1.0.0",
        "lodash": "4.17.4",
        "split-lines": "1.1.0"
      }
    },
    "execall": {
      "version": "1.0.0",
      "resolved": "https://registry.npmjs.org/execall/-/execall-1.0.0.tgz",
      "integrity": "sha1-c9CQTjlbPKsGWLCNCewlMH8pu3M=",
      "dev": true,
      "requires": {
        "clone-regexp": "1.0.0"
      }
    },
    "hammerjs": {
      "version": "2.0.8",
      "resolved": "https://registry.npmjs.org/hammerjs/-/hammerjs-2.0.8.tgz",
      "integrity": "sha1-BO93hiz/K7edMPdpIJWTAiK/YPE="
    },
    "is-regexp": {
      "version": "1.0.0",
      "resolved": "https://registry.npmjs.org/is-regexp/-/is-regexp-1.0.0.tgz",
      "integrity": "sha1-/S2INUXEa6xaYz57mgnof6LLUGk=",
      "dev": true
    },
    "is-supported-regexp-flag": {
      "version": "1.0.0",
      "resolved": "https://registry.npmjs.org/is-supported-regexp-flag/-/is-supported-regexp-flag-1.0.0.tgz",
      "integrity": "sha1-i1IMhfrnolM4LUsCZS4EVXbhO7g=",
      "dev": true
    },
    "lodash": {
      "version": "4.17.4",
      "resolved": "https://registry.npmjs.org/lodash/-/lodash-4.17.4.tgz",
      "integrity": "sha1-eCA6TRwyiuHYbcpkYONptX9AVa4=",
      "dev": true
    },
    "split-lines": {
      "version": "1.1.0",
      "resolved": "https://registry.npmjs.org/split-lines/-/split-lines-1.1.0.tgz",
      "integrity": "sha1-Oruo9ZhhQUL5240nq2q4dWYqHgk=",
      "dev": true
    }
  }
}
